
Microsoft Visual Studio Solution File, Format Version 12.00
# Visual Studio Version 17
VisualStudioVersion = 17.5.33530.505
MinimumVisualStudioVersion = 10.0.40219.1
Project("{FAE04EC0-301F-11D3-BF4B-00C04F79EFBC}") = "WinFormsApp2", "WinFormsApp2\WinFormsApp2.csproj", "{61921CAF-8F60-447B-A806-6964B7638AAE}"
EndProject
Global
	GlobalSection(SolutionConfigurationPlatforms) = preSolution
		Debug|Any CPU = Debug|Any CPU
		Release|Any CPU = Release|Any CPU
	EndGlobalSection
	GlobalSection(ProjectConfigurationPlatforms) = postSolution
		{61921CAF-8F60-447B-A806-6964B7638AAE}.Debug|Any CPU.ActiveCfg = Debug|Any CPU
		{61921CAF-8F60-447B-A806-6964B7638AAE}.Debug|Any CPU.Build.0 = Debug|Any CPU
		{61921CAF-8F60-447B-A806-6964B7638AAE}.Release|Any CPU.ActiveCfg = Release|Any CPU
		{61921CAF-8F60-447B-A806-6964B7638AAE}.Release|Any CPU.Build.0 = Release|Any CPU
	EndGlobalSection
	GlobalSection(SolutionProperties) = preSolution
		HideSolutionNode = FALSE
	EndGlobalSection
	GlobalSection(ExtensibilityGlobals) = postSolution
		SolutionGuid = {12E5760B-7889-46F7-A7D0-3455448763E2}
	EndGlobalSection
EndGlobal
